
Microsoft Visual Studio Solution File, Format Version 12.00
# Visual Studio 15
VisualStudioVersion = 15.0.28307.539
MinimumVisualStudioVersion = 10.0.40219.1
Project("{FAE04EC0-301F-11D3-BF4B-00C04F79EFBC}") = "Kokoavatehtv", "Menut11\Kokoavatehtv.csproj", "{B2287B90-6A95-41AD-BA17-872B142F9E4B}"
EndProject
Global
	GlobalSection(SolutionConfigurationPlatforms) = preSolution
		Debug|Any CPU = Debug|Any CPU
		Release|Any CPU = Release|Any CPU
	EndGlobalSection
	GlobalSection(ProjectConfigurationPlatforms) = postSolution
		{B2287B90-6A95-41AD-BA17-872B142F9E4B}.Debug|Any CPU.ActiveCfg = Debug|Any CPU
		{B2287B90-6A95-41AD-BA17-872B142F9E4B}.Debug|Any CPU.Build.0 = Debug|Any CPU
		{B2287B90-6A95-41AD-BA17-872B142F9E4B}.Release|Any CPU.ActiveCfg = Release|Any CPU
		{B2287B90-6A95-41AD-BA17-872B142F9E4B}.Release|Any CPU.Build.0 = Release|Any CPU
	EndGlobalSection
	GlobalSection(SolutionProperties) = preSolution
		HideSolutionNode = FALSE
	EndGlobalSection
	GlobalSection(ExtensibilityGlobals) = postSolution
		SolutionGuid = {7FA3C0AD-E339-446F-B6B7-73BC29A63DF4}
	EndGlobalSection
EndGlobal
